
Microsoft Visual Studio Solution File, Format Version 12.00
# Visual Studio Version 16
VisualStudioVersion = 16.0.30503.244
MinimumVisualStudioVersion = 10.0.40219.1
Project("{FAE04EC0-301F-11D3-BF4B-00C04F79EFBC}") = "banhang24", "banhang24\banhang24.csproj", "{884329A2-5727-4F00-948D-373E2CE8BE15}"
EndProject
Project("{FAE04EC0-301F-11D3-BF4B-00C04F79EFBC}") = "Model", "Model\Model.csproj", "{43122F03-2FFB-49CD-8DE0-99706D792E33}"
EndProject
Project("{FAE04EC0-301F-11D3-BF4B-00C04F79EFBC}") = "Model_banhang24vn", "Model_banhang24vn\Model_banhang24vn.csproj", "{2FE74879-6599-49CA-93CE-98EB8C39E90A}"
EndProject
Project("{FAE04EC0-301F-11D3-BF4B-00C04F79EFBC}") = "libHT_NguoiDung", "libHT_NguoiDung\libHT_NguoiDung.csproj", "{5776F41B-0A16-4392-B686-98B906C8632D}"
EndProject
Project("{FAE04EC0-301F-11D3-BF4B-00C04F79EFBC}") = "libDM_HangHoa", "libDM_HangHoa\libDM_HangHoa.csproj", "{19C15004-1A6D-4CDC-BBAC-1E56269DBF1A}"
EndProject
Project("{FAE04EC0-301F-11D3-BF4B-00C04F79EFBC}") = "libDM_Kho", "libDM_Kho\libDM_Kho.csproj", "{04F23021-64AF-489D-94BC-E7C05617D7ED}"
EndProject
Project("{FAE04EC0-301F-11D3-BF4B-00C04F79EFBC}") = "libDM_DonVi", "libDM_DonVi\libDM_DonVi.csproj", "{22174C47-04F0-4F49-B30D-6AECF9661697}"
EndProject
Project("{FAE04EC0-301F-11D3-BF4B-00C04F79EFBC}") = "libDonViQuiDoi", "libDonViQuiDoi\libDonViQuiDoi.csproj", "{43CC5FDC-3B64-4931-AB21-8EDBDED81FF6}"
EndProject
Project("{FAE04EC0-301F-11D3-BF4B-00C04F79EFBC}") = "libDM_NhomDoiTuong", "libDM_NhomDoiTuong\libDM_NhomDoiTuong.csproj", "{EE6D0D35-1061-4797-8570-1EB97FC3FB60}"
EndProject
Project("{FAE04EC0-301F-11D3-BF4B-00C04F79EFBC}") = "libDM_NhomHangHoa", "libDM_NhomHangHoa\libDM_NhomHangHoa.csproj", "{822DA42E-AB41-4D23-96B1-4FFF55AE7663}"
EndProject
Project("{FAE04EC0-301F-11D3-BF4B-00C04F79EFBC}") = "libDM_GiaBan", "libDM_GiaBan\libDM_GiaBan.csproj", "{127DE2D4-F73F-4070-9CFA-7149BE9F9DFE}"
EndProject
Project("{FAE04EC0-301F-11D3-BF4B-00C04F79EFBC}") = "libDM_DoiTuong", "libDM_DoiTuong\libDM_DoiTuong.csproj", "{B9D1B866-9553-4D19-B5BD-AE3C168F8162}"
EndProject
Project("{FAE04EC0-301F-11D3-BF4B-00C04F79EFBC}") = "libDM_ViTri", "libDM_ViTri\libDM_ViTri.csproj", "{C7F13633-9DC6-4E40-A690-9EA96F46F223}"
EndProject
Project("{FAE04EC0-301F-11D3-BF4B-00C04F79EFBC}") = "libDM_KhuVuc", "libDM_KhuVuc\libDM_KhuVuc.csproj", "{DD9B2A7C-6CC6-4E6C-8684-94B6D010379F}"
EndProject
Project("{FAE04EC0-301F-11D3-BF4B-00C04F79EFBC}") = "libNS_NhanVien", "libNS_NhanVien\libNS_NhanVien.csproj", "{86BDE6C8-909E-4C79-9B5A-B8CE920FD89B}"
EndProject
Project("{FAE04EC0-301F-11D3-BF4B-00C04F79EFBC}") = "WebJob1", "WebJob1\WebJob1.csproj", "{1905728E-3B06-4FB8-B03E-9673F892775B}"
EndProject
Project("{FAE04EC0-301F-11D3-BF4B-00C04F79EFBC}") = "libQuy_HoaDon", "libQuy_HoaDon\libQuy_HoaDon.csproj", "{BB2F80DB-C61E-4A05-BC2B-632F6026EDD7}"
EndProject
Project("{FAE04EC0-301F-11D3-BF4B-00C04F79EFBC}") = "libDM_LoaiChungTu", "libDM_LoaiChungTu\libDM_LoaiChungTu.csproj", "{27D412F4-BDAA-437B-A795-A55555F59742}"
EndProject
Project("{FAE04EC0-301F-11D3-BF4B-00C04F79EFBC}") = "libHT", "HT\libHT.csproj", "{3BACD4BF-61CC-4188-AF8C-DF89EAB6E3BB}"
EndProject
Project("{FAE04EC0-301F-11D3-BF4B-00C04F79EFBC}") = "lib_ChamSocKhachHang", "lib_ChamSocKhachHang\lib_ChamSocKhachHang.csproj", "{C2C17231-45BF-4D41-B973-FF6759F55716}"
EndProject
Project("{FAE04EC0-301F-11D3-BF4B-00C04F79EFBC}") = "libDM_LoaiTuVanLichHen", "libDM_LoaiTuVanLichHen\libDM_LoaiTuVanLichHen.csproj", "{36E250F5-1462-489E-AF9A-09B1AD8F66AF}"
EndProject
Project("{FAE04EC0-301F-11D3-BF4B-00C04F79EFBC}") = "libBH_NhanVienThucHien", "libBH_NhanVienThucHien\libBH_NhanVienThucHien.csproj", "{549DFFD4-83A6-4724-A505-E1704661F5F1}"
EndProject
Project("{FAE04EC0-301F-11D3-BF4B-00C04F79EFBC}") = "Open24", "Open24\Open24.csproj", "{E1A1D826-CFD1-4D76-A3CD-36B773B4FD9F}"
EndProject
Project("{FAE04EC0-301F-11D3-BF4B-00C04F79EFBC}") = "libDM_GiaBan_ApDung", "libDM_GiaBan_ApDung\libDM_GiaBan_ApDung.csproj", "{5A71247E-D811-42EF-89B7-BADBBD376AA3}"
EndProject
Project("{FAE04EC0-301F-11D3-BF4B-00C04F79EFBC}") = "libKho_HoaDon", "libKho_HoaDon\libKho_HoaDon.csproj", "{8A780DBD-F2B5-42FB-9F77-82A13CD772C5}"
EndProject
Project("{FAE04EC0-301F-11D3-BF4B-00C04F79EFBC}") = "Model.Service", "Model.Service\Model.Service.csproj", "{13B918EA-54C8-41D3-8FEC-600DF5B1E5AF}"
EndProject
Project("{FAE04EC0-301F-11D3-BF4B-00C04F79EFBC}") = "Model.Web", "Model.Web\Model.Web.csproj", "{2B2AC289-4814-4E2C-9D0E-1F037217A2AB}"
EndProject
Project("{FAE04EC0-301F-11D3-BF4B-00C04F79EFBC}") = "SoftWareSsoft", "SoftWareSsoft\SoftWareSsoft.csproj", "{67E8689D-823A-4999-A227-FACE0914CCCB}"
EndProject
Project("{FAE04EC0-301F-11D3-BF4B-00C04F79EFBC}") = "Ssoft.Common", "Ssoft.Common\Ssoft.Common.csproj", "{ACF85717-5C5E-464B-BC6E-AF7AD57CE786}"
EndProject
Project("{FAE04EC0-301F-11D3-BF4B-00C04F79EFBC}") = "libReport", "libReport\libReport.csproj", "{65FDCC83-5E2C-47D8-991A-5E92A9B06D67}"
EndProject
Project("{9A19103F-16F7-4668-BE54-9A1E7A4F7556}") = "KetNoiDuocQuocGia", "KetNoiDuocQuocGia\KetNoiDuocQuocGia.csproj", "{88987C90-C9FF-4209-9907-1418B46A7768}"
EndProject
Project("{FAE04EC0-301F-11D3-BF4B-00C04F79EFBC}") = "libGara", "libGara\libGara.csproj", "{8F329D86-F396-45F8-99FA-1406C337BA30}"
EndProject
Project("{FAE04EC0-301F-11D3-BF4B-00C04F79EFBC}") = "AsposeCellsDocument", "AsposeCellsDocument\AsposeCellsDocument.csproj", "{EE8653B7-A32B-4326-B4B7-B1CC7443BF55}"
EndProject
Project("{FAE04EC0-301F-11D3-BF4B-00C04F79EFBC}") = "ZaloConnectApp", "ZaloConnectApp\ZaloConnectApp.csproj", "{F71A3028-546F-4B11-ABE2-502F3DB465B2}"
EndProject
Global
	GlobalSection(SolutionConfigurationPlatforms) = preSolution
		Debug|Any CPU = Debug|Any CPU
		Release|Any CPU = Release|Any CPU
	EndGlobalSection
	GlobalSection(ProjectConfigurationPlatforms) = postSolution
		{884329A2-5727-4F00-948D-373E2CE8BE15}.Debug|Any CPU.ActiveCfg = Debug|Any CPU
		{884329A2-5727-4F00-948D-373E2CE8BE15}.Debug|Any CPU.Build.0 = Debug|Any CPU
		{884329A2-5727-4F00-948D-373E2CE8BE15}.Release|Any CPU.ActiveCfg = Release|Any CPU
		{884329A2-5727-4F00-948D-373E2CE8BE15}.Release|Any CPU.Build.0 = Release|Any CPU
		{43122F03-2FFB-49CD-8DE0-99706D792E33}.Debug|Any CPU.ActiveCfg = Debug|Any CPU
		{43122F03-2FFB-49CD-8DE0-99706D792E33}.Debug|Any CPU.Build.0 = Debug|Any CPU
		{43122F03-2FFB-49CD-8DE0-99706D792E33}.Release|Any CPU.ActiveCfg = Release|Any CPU
		{43122F03-2FFB-49CD-8DE0-99706D792E33}.Release|Any CPU.Build.0 = Release|Any CPU
		{2FE74879-6599-49CA-93CE-98EB8C39E90A}.Debug|Any CPU.ActiveCfg = Debug|Any CPU
		{2FE74879-6599-49CA-93CE-98EB8C39E90A}.Debug|Any CPU.Build.0 = Debug|Any CPU
		{2FE74879-6599-49CA-93CE-98EB8C39E90A}.Release|Any CPU.ActiveCfg = Release|Any CPU
		{2FE74879-6599-49CA-93CE-98EB8C39E90A}.Release|Any CPU.Build.0 = Release|Any CPU
		{5776F41B-0A16-4392-B686-98B906C8632D}.Debug|Any CPU.ActiveCfg = Debug|Any CPU
		{5776F41B-0A16-4392-B686-98B906C8632D}.Debug|Any CPU.Build.0 = Debug|Any CPU
		{5776F41B-0A16-4392-B686-98B906C8632D}.Release|Any CPU.ActiveCfg = Release|Any CPU
		{5776F41B-0A16-4392-B686-98B906C8632D}.Release|Any CPU.Build.0 = Release|Any CPU
		{19C15004-1A6D-4CDC-BBAC-1E56269DBF1A}.Debug|Any CPU.ActiveCfg = Debug|Any CPU
		{19C15004-1A6D-4CDC-BBAC-1E56269DBF1A}.Debug|Any CPU.Build.0 = Debug|Any CPU
		{19C15004-1A6D-4CDC-BBAC-1E56269DBF1A}.Release|Any CPU.ActiveCfg = Release|Any CPU
		{19C15004-1A6D-4CDC-BBAC-1E56269DBF1A}.Release|Any CPU.Build.0 = Release|Any CPU
		{04F23021-64AF-489D-94BC-E7C05617D7ED}.Debug|Any CPU.ActiveCfg = Debug|Any CPU
		{04F23021-64AF-489D-94BC-E7C05617D7ED}.Debug|Any CPU.Build.0 = Debug|Any CPU
		{04F23021-64AF-489D-94BC-E7C05617D7ED}.Release|Any CPU.ActiveCfg = Release|Any CPU
		{04F23021-64AF-489D-94BC-E7C05617D7ED}.Release|Any CPU.Build.0 = Release|Any CPU
		{22174C47-04F0-4F49-B30D-6AECF9661697}.Debug|Any CPU.ActiveCfg = Debug|Any CPU
		{22174C47-04F0-4F49-B30D-6AECF9661697}.Debug|Any CPU.Build.0 = Debug|Any CPU
		{22174C47-04F0-4F49-B30D-6AECF9661697}.Release|Any CPU.ActiveCfg = Release|Any CPU
		{22174C47-04F0-4F49-B30D-6AECF9661697}.Release|Any CPU.Build.0 = Release|Any CPU
		{43CC5FDC-3B64-4931-AB21-8EDBDED81FF6}.Debug|Any CPU.ActiveCfg = Debug|Any CPU
		{43CC5FDC-3B64-4931-AB21-8EDBDED81FF6}.Debug|Any CPU.Build.0 = Debug|Any CPU
		{43CC5FDC-3B64-4931-AB21-8EDBDED81FF6}.Release|Any CPU.ActiveCfg = Release|Any CPU
		{43CC5FDC-3B64-4931-AB21-8EDBDED81FF6}.Release|Any CPU.Build.0 = Release|Any CPU
		{EE6D0D35-1061-4797-8570-1EB97FC3FB60}.Debug|Any CPU.ActiveCfg = Debug|Any CPU
		{EE6D0D35-1061-4797-8570-1EB97FC3FB60}.Debug|Any CPU.Build.0 = Debug|Any CPU
		{EE6D0D35-1061-4797-8570-1EB97FC3FB60}.Release|Any CPU.ActiveCfg = Release|Any CPU
		{EE6D0D35-1061-4797-8570-1EB97FC3FB60}.Release|Any CPU.Build.0 = Release|Any CPU
		{822DA42E-AB41-4D23-96B1-4FFF55AE7663}.Debug|Any CPU.ActiveCfg = Debug|Any CPU
		{822DA42E-AB41-4D23-96B1-4FFF55AE7663}.Debug|Any CPU.Build.0 = Debug|Any CPU
		{822DA42E-AB41-4D23-96B1-4FFF55AE7663}.Release|Any CPU.ActiveCfg = Release|Any CPU
		{822DA42E-AB41-4D23-96B1-4FFF55AE7663}.Release|Any CPU.Build.0 = Release|Any CPU
		{127DE2D4-F73F-4070-9CFA-7149BE9F9DFE}.Debug|Any CPU.ActiveCfg = Debug|Any CPU
		{127DE2D4-F73F-4070-9CFA-7149BE9F9DFE}.Debug|Any CPU.Build.0 = Debug|Any CPU
		{127DE2D4-F73F-4070-9CFA-7149BE9F9DFE}.Release|Any CPU.ActiveCfg = Release|Any CPU
		{127DE2D4-F73F-4070-9CFA-7149BE9F9DFE}.Release|Any CPU.Build.0 = Release|Any CPU
		{B9D1B866-9553-4D19-B5BD-AE3C168F8162}.Debug|Any CPU.ActiveCfg = Debug|Any CPU
		{B9D1B866-9553-4D19-B5BD-AE3C168F8162}.Debug|Any CPU.Build.0 = Debug|Any CPU
		{B9D1B866-9553-4D19-B5BD-AE3C168F8162}.Release|Any CPU.ActiveCfg = Release|Any CPU
		{B9D1B866-9553-4D19-B5BD-AE3C168F8162}.Release|Any CPU.Build.0 = Release|Any CPU
		{C7F13633-9DC6-4E40-A690-9EA96F46F223}.Debug|Any CPU.ActiveCfg = Debug|Any CPU
		{C7F13633-9DC6-4E40-A690-9EA96F46F223}.Debug|Any CPU.Build.0 = Debug|Any CPU
		{C7F13633-9DC6-4E40-A690-9EA96F46F223}.Release|Any CPU.ActiveCfg = Release|Any CPU
		{C7F13633-9DC6-4E40-A690-9EA96F46F223}.Release|Any CPU.Build.0 = Release|Any CPU
		{DD9B2A7C-6CC6-4E6C-8684-94B6D010379F}.Debug|Any CPU.ActiveCfg = Debug|Any CPU
		{DD9B2A7C-6CC6-4E6C-8684-94B6D010379F}.Debug|Any CPU.Build.0 = Debug|Any CPU
		{DD9B2A7C-6CC6-4E6C-8684-94B6D010379F}.Release|Any CPU.ActiveCfg = Release|Any CPU
		{DD9B2A7C-6CC6-4E6C-8684-94B6D010379F}.Release|Any CPU.Build.0 = Release|Any CPU
		{86BDE6C8-909E-4C79-9B5A-B8CE920FD89B}.Debug|Any CPU.ActiveCfg = Debug|Any CPU
		{86BDE6C8-909E-4C79-9B5A-B8CE920FD89B}.Debug|Any CPU.Build.0 = Debug|Any CPU
		{86BDE6C8-909E-4C79-9B5A-B8CE920FD89B}.Release|Any CPU.ActiveCfg = Release|Any CPU
		{86BDE6C8-909E-4C79-9B5A-B8CE920FD89B}.Release|Any CPU.Build.0 = Release|Any CPU
		{1905728E-3B06-4FB8-B03E-9673F892775B}.Debug|Any CPU.ActiveCfg = Debug|Any CPU
		{1905728E-3B06-4FB8-B03E-9673F892775B}.Debug|Any CPU.Build.0 = Debug|Any CPU
		{1905728E-3B06-4FB8-B03E-9673F892775B}.Release|Any CPU.ActiveCfg = Release|Any CPU
		{1905728E-3B06-4FB8-B03E-9673F892775B}.Release|Any CPU.Build.0 = Release|Any CPU
		{BB2F80DB-C61E-4A05-BC2B-632F6026EDD7}.Debug|Any CPU.ActiveCfg = Debug|Any CPU
		{BB2F80DB-C61E-4A05-BC2B-632F6026EDD7}.Debug|Any CPU.Build.0 = Debug|Any CPU
		{BB2F80DB-C61E-4A05-BC2B-632F6026EDD7}.Release|Any CPU.ActiveCfg = Release|Any CPU
		{BB2F80DB-C61E-4A05-BC2B-632F6026EDD7}.Release|Any CPU.Build.0 = Release|Any CPU
		{27D412F4-BDAA-437B-A795-A55555F59742}.Debug|Any CPU.ActiveCfg = Debug|Any CPU
		{27D412F4-BDAA-437B-A795-A55555F59742}.Debug|Any CPU.Build.0 = Debug|Any CPU
		{27D412F4-BDAA-437B-A795-A55555F59742}.Release|Any CPU.ActiveCfg = Release|Any CPU
		{27D412F4-BDAA-437B-A795-A55555F59742}.Release|Any CPU.Build.0 = Release|Any CPU
		{3BACD4BF-61CC-4188-AF8C-DF89EAB6E3BB}.Debug|Any CPU.ActiveCfg = Debug|Any CPU
		{3BACD4BF-61CC-4188-AF8C-DF89EAB6E3BB}.Debug|Any CPU.Build.0 = Debug|Any CPU
		{3BACD4BF-61CC-4188-AF8C-DF89EAB6E3BB}.Release|Any CPU.ActiveCfg = Release|Any CPU
		{3BACD4BF-61CC-4188-AF8C-DF89EAB6E3BB}.Release|Any CPU.Build.0 = Release|Any CPU
		{C2C17231-45BF-4D41-B973-FF6759F55716}.Debug|Any CPU.ActiveCfg = Debug|Any CPU
		{C2C17231-45BF-4D41-B973-FF6759F55716}.Debug|Any CPU.Build.0 = Debug|Any CPU
		{C2C17231-45BF-4D41-B973-FF6759F55716}.Release|Any CPU.ActiveCfg = Release|Any CPU
		{C2C17231-45BF-4D41-B973-FF6759F55716}.Release|Any CPU.Build.0 = Release|Any CPU
		{36E250F5-1462-489E-AF9A-09B1AD8F66AF}.Debug|Any CPU.ActiveCfg = Debug|Any CPU
		{36E250F5-1462-489E-AF9A-09B1AD8F66AF}.Debug|Any CPU.Build.0 = Debug|Any CPU
		{36E250F5-1462-489E-AF9A-09B1AD8F66AF}.Release|Any CPU.ActiveCfg = Release|Any CPU
		{36E250F5-1462-489E-AF9A-09B1AD8F66AF}.Release|Any CPU.Build.0 = Release|Any CPU
		{549DFFD4-83A6-4724-A505-E1704661F5F1}.Debug|Any CPU.ActiveCfg = Debug|Any CPU
		{549DFFD4-83A6-4724-A505-E1704661F5F1}.Debug|Any CPU.Build.0 = Debug|Any CPU
		{549DFFD4-83A6-4724-A505-E1704661F5F1}.Release|Any CPU.ActiveCfg = Release|Any CPU
		{549DFFD4-83A6-4724-A505-E1704661F5F1}.Release|Any CPU.Build.0 = Release|Any CPU
		{E1A1D826-CFD1-4D76-A3CD-36B773B4FD9F}.Debug|Any CPU.ActiveCfg = Debug|Any CPU
		{E1A1D826-CFD1-4D76-A3CD-36B773B4FD9F}.Debug|Any CPU.Build.0 = Debug|Any CPU
		{E1A1D826-CFD1-4D76-A3CD-36B773B4FD9F}.Release|Any CPU.ActiveCfg = Release|Any CPU
		{E1A1D826-CFD1-4D76-A3CD-36B773B4FD9F}.Release|Any CPU.Build.0 = Release|Any CPU
		{5A71247E-D811-42EF-89B7-BADBBD376AA3}.Debug|Any CPU.ActiveCfg = Debug|Any CPU
		{5A71247E-D811-42EF-89B7-BADBBD376AA3}.Debug|Any CPU.Build.0 = Debug|Any CPU
		{5A71247E-D811-42EF-89B7-BADBBD376AA3}.Release|Any CPU.ActiveCfg = Release|Any CPU
		{5A71247E-D811-42EF-89B7-BADBBD376AA3}.Release|Any CPU.Build.0 = Release|Any CPU
		{8A780DBD-F2B5-42FB-9F77-82A13CD772C5}.Debug|Any CPU.ActiveCfg = Debug|Any CPU
		{8A780DBD-F2B5-42FB-9F77-82A13CD772C5}.Debug|Any CPU.Build.0 = Debug|Any CPU
		{8A780DBD-F2B5-42FB-9F77-82A13CD772C5}.Release|Any CPU.ActiveCfg = Release|Any CPU
		{8A780DBD-F2B5-42FB-9F77-82A13CD772C5}.Release|Any CPU.Build.0 = Release|Any CPU
		{13B918EA-54C8-41D3-8FEC-600DF5B1E5AF}.Debug|Any CPU.ActiveCfg = Debug|Any CPU
		{13B918EA-54C8-41D3-8FEC-600DF5B1E5AF}.Debug|Any CPU.Build.0 = Debug|Any CPU
		{13B918EA-54C8-41D3-8FEC-600DF5B1E5AF}.Release|Any CPU.ActiveCfg = Release|Any CPU
		{13B918EA-54C8-41D3-8FEC-600DF5B1E5AF}.Release|Any CPU.Build.0 = Release|Any CPU
		{2B2AC289-4814-4E2C-9D0E-1F037217A2AB}.Debug|Any CPU.ActiveCfg = Debug|Any CPU
		{2B2AC289-4814-4E2C-9D0E-1F037217A2AB}.Debug|Any CPU.Build.0 = Debug|Any CPU
		{2B2AC289-4814-4E2C-9D0E-1F037217A2AB}.Release|Any CPU.ActiveCfg = Release|Any CPU
		{2B2AC289-4814-4E2C-9D0E-1F037217A2AB}.Release|Any CPU.Build.0 = Release|Any CPU
		{67E8689D-823A-4999-A227-FACE0914CCCB}.Debug|Any CPU.ActiveCfg = Debug|Any CPU
		{67E8689D-823A-4999-A227-FACE0914CCCB}.Debug|Any CPU.Build.0 = Debug|Any CPU
		{67E8689D-823A-4999-A227-FACE0914CCCB}.Release|Any CPU.ActiveCfg = Release|Any CPU
		{67E8689D-823A-4999-A227-FACE0914CCCB}.Release|Any CPU.Build.0 = Release|Any CPU
		{ACF85717-5C5E-464B-BC6E-AF7AD57CE786}.Debug|Any CPU.ActiveCfg = Debug|Any CPU
		{ACF85717-5C5E-464B-BC6E-AF7AD57CE786}.Debug|Any CPU.Build.0 = Debug|Any CPU
		{ACF85717-5C5E-464B-BC6E-AF7AD57CE786}.Release|Any CPU.ActiveCfg = Release|Any CPU
		{ACF85717-5C5E-464B-BC6E-AF7AD57CE786}.Release|Any CPU.Build.0 = Release|Any CPU
		{65FDCC83-5E2C-47D8-991A-5E92A9B06D67}.Debug|Any CPU.ActiveCfg = Debug|Any CPU
		{65FDCC83-5E2C-47D8-991A-5E92A9B06D67}.Debug|Any CPU.Build.0 = Debug|Any CPU
		{65FDCC83-5E2C-47D8-991A-5E92A9B06D67}.Release|Any CPU.ActiveCfg = Release|Any CPU
		{65FDCC83-5E2C-47D8-991A-5E92A9B06D67}.Release|Any CPU.Build.0 = Release|Any CPU
		{88987C90-C9FF-4209-9907-1418B46A7768}.Debug|Any CPU.ActiveCfg = Debug|Any CPU
		{88987C90-C9FF-4209-9907-1418B46A7768}.Debug|Any CPU.Build.0 = Debug|Any CPU
		{88987C90-C9FF-4209-9907-1418B46A7768}.Release|Any CPU.ActiveCfg = Release|Any CPU
		{88987C90-C9FF-4209-9907-1418B46A7768}.Release|Any CPU.Build.0 = Release|Any CPU
		{8F329D86-F396-45F8-99FA-1406C337BA30}.Debug|Any CPU.ActiveCfg = Debug|Any CPU
		{8F329D86-F396-45F8-99FA-1406C337BA30}.Debug|Any CPU.Build.0 = Debug|Any CPU
		{8F329D86-F396-45F8-99FA-1406C337BA30}.Release|Any CPU.ActiveCfg = Release|Any CPU
		{8F329D86-F396-45F8-99FA-1406C337BA30}.Release|Any CPU.Build.0 = Release|Any CPU
		{EE8653B7-A32B-4326-B4B7-B1CC7443BF55}.Debug|Any CPU.ActiveCfg = Debug|Any CPU
		{EE8653B7-A32B-4326-B4B7-B1CC7443BF55}.Debug|Any CPU.Build.0 = Debug|Any CPU
		{EE8653B7-A32B-4326-B4B7-B1CC7443BF55}.Release|Any CPU.ActiveCfg = Release|Any CPU
		{EE8653B7-A32B-4326-B4B7-B1CC7443BF55}.Release|Any CPU.Build.0 = Release|Any CPU
		{F71A3028-546F-4B11-ABE2-502F3DB465B2}.Debug|Any CPU.ActiveCfg = Debug|Any CPU
		{F71A3028-546F-4B11-ABE2-502F3DB465B2}.Debug|Any CPU.Build.0 = Debug|Any CPU
		{F71A3028-546F-4B11-ABE2-502F3DB465B2}.Release|Any CPU.ActiveCfg = Release|Any CPU
		{F71A3028-546F-4B11-ABE2-502F3DB465B2}.Release|Any CPU.Build.0 = Release|Any CPU
	EndGlobalSection
	GlobalSection(SolutionProperties) = preSolution
		HideSolutionNode = FALSE
	EndGlobalSection
	GlobalSection(ExtensibilityGlobals) = postSolution
		SolutionGuid = {06797F5B-4160-4191-BA49-E30D627D1098}
	EndGlobalSection
	GlobalSection(TeamFoundationVersionControl) = preSolution
		SccNumberOfProjects = 35
		SccEnterpriseProvider = {4CA58AB2-18FA-4F8D-95D4-32DDF27D184C}
		SccTeamFoundationServer = https://dev.azure.com/ssoftvietnam
		SccLocalPath0 = .
		SccProjectUniqueName1 = Model\\Model.csproj
		SccProjectName1 = Model
		SccLocalPath1 = Model
		SccProjectUniqueName2 = Model_banhang24vn\\Model_banhang24vn.csproj
		SccProjectName2 = Model_banhang24vn
		SccLocalPath2 = Model_banhang24vn
		SccProjectUniqueName3 = libHT_NguoiDung\\libHT_NguoiDung.csproj
		SccProjectName3 = libHT_NguoiDung
		SccLocalPath3 = libHT_NguoiDung
		SccProjectUniqueName4 = libDM_HangHoa\\libDM_HangHoa.csproj
		SccProjectName4 = libDM_HangHoa
		SccLocalPath4 = libDM_HangHoa
		SccProjectUniqueName5 = libDM_Kho\\libDM_Kho.csproj
		SccProjectName5 = libDM_Kho
		SccLocalPath5 = libDM_Kho
		SccProjectUniqueName6 = libDM_DonVi\\libDM_DonVi.csproj
		SccProjectName6 = libDM_DonVi
		SccLocalPath6 = libDM_DonVi
		SccProjectUniqueName7 = libDonViQuiDoi\\libDonViQuiDoi.csproj
		SccProjectName7 = libDonViQuiDoi
		SccLocalPath7 = libDonViQuiDoi
		SccProjectUniqueName8 = libDM_NhomDoiTuong\\libDM_NhomDoiTuong.csproj
		SccProjectName8 = libDM_NhomDoiTuong
		SccLocalPath8 = libDM_NhomDoiTuong
		SccProjectUniqueName9 = libDM_NhomHangHoa\\libDM_NhomHangHoa.csproj
		SccProjectName9 = libDM_NhomHangHoa
		SccLocalPath9 = libDM_NhomHangHoa
		SccProjectUniqueName10 = libDM_GiaBan\\libDM_GiaBan.csproj
		SccProjectName10 = libDM_GiaBan
		SccLocalPath10 = libDM_GiaBan
		SccProjectUniqueName11 = libDM_DoiTuong\\libDM_DoiTuong.csproj
		SccProjectName11 = libDM_DoiTuong
		SccLocalPath11 = libDM_DoiTuong
		SccProjectUniqueName12 = libDM_ViTri\\libDM_ViTri.csproj
		SccProjectName12 = libDM_ViTri
		SccLocalPath12 = libDM_ViTri
		SccProjectUniqueName13 = libDM_KhuVuc\\libDM_KhuVuc.csproj
		SccProjectName13 = libDM_KhuVuc
		SccLocalPath13 = libDM_KhuVuc
		SccProjectUniqueName14 = libNS_NhanVien\\libNS_NhanVien.csproj
		SccProjectName14 = libNS_NhanVien
		SccLocalPath14 = libNS_NhanVien
		SccProjectUniqueName15 = WebJob1\\WebJob1.csproj
		SccProjectName15 = WebJob1
		SccLocalPath15 = WebJob1
		SccProjectUniqueName16 = libQuy_HoaDon\\libQuy_HoaDon.csproj
		SccProjectName16 = libQuy_HoaDon
		SccLocalPath16 = libQuy_HoaDon
		SccProjectUniqueName17 = libDM_LoaiChungTu\\libDM_LoaiChungTu.csproj
		SccProjectName17 = libDM_LoaiChungTu
		SccLocalPath17 = libDM_LoaiChungTu
		SccProjectUniqueName18 = HT\\libHT.csproj
		SccProjectName18 = HT
		SccLocalPath18 = HT
		SccProjectUniqueName19 = libDM_LoaiTuVanLichHen\\libDM_LoaiTuVanLichHen.csproj
		SccProjectName19 = libDM_LoaiTuVanLichHen
		SccLocalPath19 = libDM_LoaiTuVanLichHen
		SccProjectUniqueName20 = libBH_NhanVienThucHien\\libBH_NhanVienThucHien.csproj
		SccProjectName20 = libBH_NhanVienThucHien
		SccLocalPath20 = libBH_NhanVienThucHien
		SccProjectUniqueName21 = Open24\\Open24.csproj
		SccProjectName21 = Open24
		SccLocalPath21 = Open24
		SccProjectUniqueName22 = libDM_GiaBan_ApDung\\libDM_GiaBan_ApDung.csproj
		SccProjectName22 = libDM_GiaBan_ApDung
		SccLocalPath22 = libDM_GiaBan_ApDung
		SccProjectUniqueName23 = libKho_HoaDon\\libKho_HoaDon.csproj
		SccProjectName23 = libKho_HoaDon
		SccLocalPath23 = libKho_HoaDon
		SccProjectUniqueName24 = Model.Service\\Model.Service.csproj
		SccProjectName24 = Model.Service
		SccLocalPath24 = Model.Service
		SccProjectUniqueName25 = Model.Web\\Model.Web.csproj
		SccProjectName25 = Model.Web
		SccLocalPath25 = Model.Web
		SccProjectUniqueName26 = SoftWareSsoft\\SoftWareSsoft.csproj
		SccProjectName26 = SoftWareSsoft
		SccLocalPath26 = SoftWareSsoft
		SccProjectUniqueName27 = Ssoft.Common\\Ssoft.Common.csproj
		SccProjectName27 = Ssoft.Common
		SccLocalPath27 = Ssoft.Common
		SccProjectUniqueName28 = libReport\\libReport.csproj
		SccProjectName28 = libReport
		SccLocalPath28 = libReport
		SccProjectUniqueName29 = banhang24\\banhang24.csproj
		SccProjectName29 = banhang24
		SccLocalPath29 = banhang24
		SccProjectUniqueName30 = lib_ChamSocKhachHang\\lib_ChamSocKhachHang.csproj
		SccProjectName30 = lib_ChamSocKhachHang
		SccLocalPath30 = lib_ChamSocKhachHang
		SccProjectUniqueName31 = KetNoiDuocQuocGia\\KetNoiDuocQuocGia.csproj
		SccProjectName31 = KetNoiDuocQuocGia
		SccLocalPath31 = KetNoiDuocQuocGia
		SccProjectUniqueName32 = libGara\\libGara.csproj
		SccProjectName32 = libGara
		SccLocalPath32 = libGara
		SccProjectUniqueName33 = AsposeCellsDocument\\AsposeCellsDocument.csproj
		SccProjectName33 = AsposeCellsDocument
		SccLocalPath33 = AsposeCellsDocument
		SccProjectUniqueName34 = ZaloConnectApp\\ZaloConnectApp.csproj
		SccProjectName34 = ZaloConnectApp
		SccLocalPath34 = ZaloConnectApp
	EndGlobalSection
EndGlobal
